
Microsoft Visual Studio Solution File, Format Version 12.00
# Visual Studio Version 17
VisualStudioVersion = 17.0.31903.59
MinimumVisualStudioVersion = 10.0.40219.1
Project("{2150E333-8FDC-42A3-9474-1A3956D46DE8}") = "src", "src", "{D6F0A75F-9728-477C-99D6-ABAE9EC1B710}"
EndProject
Project("{FAE04EC0-301F-11D3-BF4B-00C04F79EFBC}") = "CricketManager.Domain", "src\CricketManager.Domain\CricketManager.Domain.csproj", "{B32CC8C6-A1C8-4FE8-9D7F-F8CD71F501A4}"
EndProject
Project("{FAE04EC0-301F-11D3-BF4B-00C04F79EFBC}") = "CricketManager.Data", "src\CricketManager.Data\CricketManager.Data.csproj", "{AD861957-A8BD-4DAD-AE29-C6B9C1AF2163}"
EndProject
Project("{2150E333-8FDC-42A3-9474-1A3956D46DE8}") = "tests", "tests", "{AA0109B7-1060-42A9-B154-856EF3E26386}"
EndProject
Project("{FAE04EC0-301F-11D3-BF4B-00C04F79EFBC}") = "CricketManager.Tests", "tests\CricketManager.Tests\CricketManager.Tests.csproj", "{136B37EC-33BB-44C5-ACA8-5717F4043FEE}"
EndProject
Global
	GlobalSection(SolutionConfigurationPlatforms) = preSolution
		Debug|Any CPU = Debug|Any CPU
		Release|Any CPU = Release|Any CPU
	EndGlobalSection
	GlobalSection(SolutionProperties) = preSolution
		HideSolutionNode = FALSE
	EndGlobalSection
	GlobalSection(ProjectConfigurationPlatforms) = postSolution
		{B32CC8C6-A1C8-4FE8-9D7F-F8CD71F501A4}.Debug|Any CPU.ActiveCfg = Debug|Any CPU
		{B32CC8C6-A1C8-4FE8-9D7F-F8CD71F501A4}.Debug|Any CPU.Build.0 = Debug|Any CPU
		{B32CC8C6-A1C8-4FE8-9D7F-F8CD71F501A4}.Release|Any CPU.ActiveCfg = Release|Any CPU
		{B32CC8C6-A1C8-4FE8-9D7F-F8CD71F501A4}.Release|Any CPU.Build.0 = Release|Any CPU
		{AD861957-A8BD-4DAD-AE29-C6B9C1AF2163}.Debug|Any CPU.ActiveCfg = Debug|Any CPU
		{AD861957-A8BD-4DAD-AE29-C6B9C1AF2163}.Debug|Any CPU.Build.0 = Debug|Any CPU
		{AD861957-A8BD-4DAD-AE29-C6B9C1AF2163}.Release|Any CPU.ActiveCfg = Release|Any CPU
		{AD861957-A8BD-4DAD-AE29-C6B9C1AF2163}.Release|Any CPU.Build.0 = Release|Any CPU
		{136B37EC-33BB-44C5-ACA8-5717F4043FEE}.Debug|Any CPU.ActiveCfg = Debug|Any CPU
		{136B37EC-33BB-44C5-ACA8-5717F4043FEE}.Debug|Any CPU.Build.0 = Debug|Any CPU
		{136B37EC-33BB-44C5-ACA8-5717F4043FEE}.Release|Any CPU.ActiveCfg = Release|Any CPU
		{136B37EC-33BB-44C5-ACA8-5717F4043FEE}.Release|Any CPU.Build.0 = Release|Any CPU
	EndGlobalSection
	GlobalSection(NestedProjects) = preSolution
		{B32CC8C6-A1C8-4FE8-9D7F-F8CD71F501A4} = {D6F0A75F-9728-477C-99D6-ABAE9EC1B710}
		{AD861957-A8BD-4DAD-AE29-C6B9C1AF2163} = {D6F0A75F-9728-477C-99D6-ABAE9EC1B710}
		{136B37EC-33BB-44C5-ACA8-5717F4043FEE} = {AA0109B7-1060-42A9-B154-856EF3E26386}
	EndGlobalSection
EndGlobal
